
Microsoft Visual Studio Solution File, Format Version 12.00
# Visual Studio Version 16
VisualStudioVersion = 25.0.1706.7
MinimumVisualStudioVersion = 10.0.40219.1
Project("{FAE04EC0-301F-11D3-BF4B-00C04F79EFBC}") = "Producer.RabbitMQ", "Producer.RabbitMQ\Producer.RabbitMQ.csproj", "{54B5BF7A-E5A0-42FF-8598-D4D1244990B3}"
EndProject
Global
	GlobalSection(SolutionConfigurationPlatforms) = preSolution
		Debug|Any CPU = Debug|Any CPU
		Release|Any CPU = Release|Any CPU
	EndGlobalSection
	GlobalSection(ProjectConfigurationPlatforms) = postSolution
		{54B5BF7A-E5A0-42FF-8598-D4D1244990B3}.Debug|Any CPU.ActiveCfg = Debug|Any CPU
		{54B5BF7A-E5A0-42FF-8598-D4D1244990B3}.Debug|Any CPU.Build.0 = Debug|Any CPU
		{54B5BF7A-E5A0-42FF-8598-D4D1244990B3}.Release|Any CPU.ActiveCfg = Release|Any CPU
		{54B5BF7A-E5A0-42FF-8598-D4D1244990B3}.Release|Any CPU.Build.0 = Release|Any CPU
	EndGlobalSection
	GlobalSection(SolutionProperties) = preSolution
		HideSolutionNode = FALSE
	EndGlobalSection
	GlobalSection(ExtensibilityGlobals) = postSolution
		SolutionGuid = {8D2BFEA8-CD2F-4796-9208-AC14B83BE1ED}
	EndGlobalSection
EndGlobal
